// !$*UTF8*$!
{
	archiveVersion = 1;
	classes = {
	};
	objectVersion = 46;
	objects = {

/* Begin PBXBuildFile section */
		84834FC9141E3D070044E037 /* Foundation.framework in Frameworks */ = {isa = PBXBuildFile; fileRef = 84834FC8141E3D070044E037 /* Foundation.framework */; };
		84834FCB141E3D070044E037 /* UIKit.framework in Frameworks */ = {isa = PBXBuildFile; fileRef = 84834FCA141E3D070044E037 /* UIKit.framework */; };
		84834FCD141E3D070044E037 /* CoreGraphics.framework in Frameworks */ = {isa = PBXBuildFile; fileRef = 84834FCC141E3D070044E037 /* CoreGraphics.framework */; };
		84834FCF141E3D070044E037 /* AddressBook.framework in Frameworks */ = {isa = PBXBuildFile; fileRef = 84834FCE141E3D070044E037 /* AddressBook.framework */; };
		84834FD1141E3D070044E037 /* AddressBookUI.framework in Frameworks */ = {isa = PBXBuildFile; fileRef = 84834FD0141E3D070044E037 /* AddressBookUI.framework */; };
		84834FD3141E3D070044E037 /* AudioToolbox.framework in Frameworks */ = {isa = PBXBuildFile; fileRef = 84834FD2141E3D070044E037 /* AudioToolbox.framework */; };
		84834FD5141E3D070044E037 /* AVFoundation.framework in Frameworks */ = {isa = PBXBuildFile; fileRef = 84834FD4141E3D070044E037 /* AVFoundation.framework */; };
		84834FD7141E3D070044E037 /* CoreLocation.framework in Frameworks */ = {isa = PBXBuildFile; fileRef = 84834FD6141E3D070044E037 /* CoreLocation.framework */; };
		84834FD9141E3D070044E037 /* MediaPlayer.framework in Frameworks */ = {isa = PBXBuildFile; fileRef = 84834FD8141E3D070044E037 /* MediaPlayer.framework */; };
		84834FDB141E3D070044E037 /* QuartzCore.framework in Frameworks */ = {isa = PBXBuildFile; fileRef = 84834FDA141E3D070044E037 /* QuartzCore.framework */; };
		84834FDD141E3D070044E037 /* SystemConfiguration.framework in Frameworks */ = {isa = PBXBuildFile; fileRef = 84834FDC141E3D070044E037 /* SystemConfiguration.framework */; };
		84834FDF141E3D070044E037 /* MobileCoreServices.framework in Frameworks */ = {isa = PBXBuildFile; fileRef = 84834FDE141E3D070044E037 /* MobileCoreServices.framework */; };
		84834FE1141E3D070044E037 /* CoreMedia.framework in Frameworks */ = {isa = PBXBuildFile; fileRef = 84834FE0141E3D070044E037 /* CoreMedia.framework */; };
		84834FE7141E3D070044E037 /* InfoPlist.strings in Resources */ = {isa = PBXBuildFile; fileRef = 84834FE5141E3D070044E037 /* InfoPlist.strings */; };
		84834FE9141E3D070044E037 /* main.m in Sources */ = {isa = PBXBuildFile; fileRef = 84834FE8141E3D070044E037 /* main.m */; };
		84834FEC141E3D070044E037 /* PhoneGap.framework in Frameworks */ = {isa = PBXBuildFile; fileRef = 84834FEB141E3D070044E037 /* PhoneGap.framework */; };
		84834FF1141E3D070044E037 /* Localizable.strings in Resources */ = {isa = PBXBuildFile; fileRef = 84834FEF141E3D070044E037 /* Localizable.strings */; };
		84834FF5141E3D070044E037 /* Localizable.strings in Resources */ = {isa = PBXBuildFile; fileRef = 84834FF3141E3D070044E037 /* Localizable.strings */; };
		84834FF8141E3D070044E037 /* icon.png in Resources */ = {isa = PBXBuildFile; fileRef = 84834FF7141E3D070044E037 /* icon.png */; };
		84834FFA141E3D070044E037 /* icon@2x.png in Resources */ = {isa = PBXBuildFile; fileRef = 84834FF9141E3D070044E037 /* icon@2x.png */; };
		84834FFC141E3D070044E037 /* icon-72.png in Resources */ = {isa = PBXBuildFile; fileRef = 84834FFB141E3D070044E037 /* icon-72.png */; };
		84834FFF141E3D070044E037 /* Default.png in Resources */ = {isa = PBXBuildFile; fileRef = 84834FFE141E3D070044E037 /* Default.png */; };
		84835001141E3D070044E037 /* Default@2x.png in Resources */ = {isa = PBXBuildFile; fileRef = 84835000141E3D070044E037 /* Default@2x.png */; };
		84835003141E3D070044E037 /* Capture.bundle in Resources */ = {isa = PBXBuildFile; fileRef = 84835002141E3D070044E037 /* Capture.bundle */; };
		84835005141E3D070044E037 /* PhoneGap.plist in Resources */ = {isa = PBXBuildFile; fileRef = 84835004141E3D070044E037 /* PhoneGap.plist */; };
		84835009141E3D070044E037 /* AppDelegate.m in Sources */ = {isa = PBXBuildFile; fileRef = 84835008141E3D070044E037 /* AppDelegate.m */; };
/* End PBXBuildFile section */

/* Begin PBXFileReference section */
		84834FC4141E3D060044E037 /* DECAF.app */ = {isa = PBXFileReference; explicitFileType = wrapper.application; includeInIndex = 0; path = DECAF.app; sourceTree = BUILT_PRODUCTS_DIR; };
		84834FC8141E3D070044E037 /* Foundation.framework */ = {isa = PBXFileReference; lastKnownFileType = wrapper.framework; name = Foundation.framework; path = System/Library/Frameworks/Foundation.framework; sourceTree = SDKROOT; };
		84834FCA141E3D070044E037 /* UIKit.framework */ = {isa = PBXFileReference; lastKnownFileType = wrapper.framework; name = UIKit.framework; path = System/Library/Frameworks/UIKit.framework; sourceTree = SDKROOT; };
		84834FCC141E3D070044E037 /* CoreGraphics.framework */ = {isa = PBXFileReference; lastKnownFileType = wrapper.framework; name = CoreGraphics.framework; path = System/Library/Frameworks/CoreGraphics.framework; sourceTree = SDKROOT; };
		84834FCE141E3D070044E037 /* AddressBook.framework */ = {isa = PBXFileReference; lastKnownFileType = wrapper.framework; name = AddressBook.framework; path = System/Library/Frameworks/AddressBook.framework; sourceTree = SDKROOT; };
		84834FD0141E3D070044E037 /* AddressBookUI.framework */ = {isa = PBXFileReference; lastKnownFileType = wrapper.framework; name = AddressBookUI.framework; path = System/Library/Frameworks/AddressBookUI.framework; sourceTree = SDKROOT; };
		84834FD2141E3D070044E037 /* AudioToolbox.framework */ = {isa = PBXFileReference; lastKnownFileType = wrapper.framework; name = AudioToolbox.framework; path = System/Library/Frameworks/AudioToolbox.framework; sourceTree = SDKROOT; };
		84834FD4141E3D070044E037 /* AVFoundation.framework */ = {isa = PBXFileReference; lastKnownFileType = wrapper.framework; name = AVFoundation.framework; path = System/Library/Frameworks/AVFoundation.framework; sourceTree = SDKROOT; };
		84834FD6141E3D070044E037 /* CoreLocation.framework */ = {isa = PBXFileReference; lastKnownFileType = wrapper.framework; name = CoreLocation.framework; path = System/Library/Frameworks/CoreLocation.framework; sourceTree = SDKROOT; };
		84834FD8141E3D070044E037 /* MediaPlayer.framework */ = {isa = PBXFileReference; lastKnownFileType = wrapper.framework; name = MediaPlayer.framework; path = System/Library/Frameworks/MediaPlayer.framework; sourceTree = SDKROOT; };
		84834FDA141E3D070044E037 /* QuartzCore.framework */ = {isa = PBXFileReference; lastKnownFileType = wrapper.framework; name = QuartzCore.framework; path = System/Library/Frameworks/QuartzCore.framework; sourceTree = SDKROOT; };
		84834FDC141E3D070044E037 /* SystemConfiguration.framework */ = {isa = PBXFileReference; lastKnownFileType = wrapper.framework; name = SystemConfiguration.framework; path = System/Library/Frameworks/SystemConfiguration.framework; sourceTree = SDKROOT; };
		84834FDE141E3D070044E037 /* MobileCoreServices.framework */ = {isa = PBXFileReference; lastKnownFileType = wrapper.framework; name = MobileCoreServices.framework; path = System/Library/Frameworks/MobileCoreServices.framework; sourceTree = SDKROOT; };
		84834FE0141E3D070044E037 /* CoreMedia.framework */ = {isa = PBXFileReference; lastKnownFileType = wrapper.framework; name = CoreMedia.framework; path = System/Library/Frameworks/CoreMedia.framework; sourceTree = SDKROOT; };
		84834FE4141E3D070044E037 /* DECAF-Info.plist */ = {isa = PBXFileReference; path = "DECAF-Info.plist"; sourceTree = "<group>"; };
		84834FE6141E3D070044E037 /* en */ = {isa = PBXFileReference; lastKnownFileType = text.plist.strings; name = en; path = en.lproj/InfoPlist.strings; sourceTree = "<group>"; };
		84834FE8141E3D070044E037 /* main.m */ = {isa = PBXFileReference; lastKnownFileType = sourcecode.c.objc; path = main.m; sourceTree = "<group>"; };
		84834FEA141E3D070044E037 /* DECAF-Prefix.pch */ = {isa = PBXFileReference; path = "DECAF-Prefix.pch"; sourceTree = "<group>"; };
		84834FEB141E3D070044E037 /* PhoneGap.framework */ = {isa = PBXFileReference; lastKnownFileType = wrapper.framework; name = PhoneGap.framework; path = /Users/Shared/PhoneGap/Frameworks/PhoneGap.framework; sourceTree = "<absolute>"; };
		84834FF0141E3D070044E037 /* en */ = {isa = PBXFileReference; lastKnownFileType = text.plist.strings; name = en; path = Resources/en.lproj/Localizable.strings; sourceTree = "<group>"; };
		84834FF4141E3D070044E037 /* es */ = {isa = PBXFileReference; lastKnownFileType = text.plist.strings; name = es; path = Resources/es.lproj/Localizable.strings; sourceTree = "<group>"; };
		84834FF7141E3D070044E037 /* icon.png */ = {isa = PBXFileReference; lastKnownFileType = image.png; name = icon.png; path = Resources/icons/icon.png; sourceTree = "<group>"; };
		84834FF9141E3D070044E037 /* icon@2x.png */ = {isa = PBXFileReference; lastKnownFileType = image.png; name = "icon@2x.png"; path = "Resources/icons/icon@2x.png"; sourceTree = "<group>"; };
		84834FFB141E3D070044E037 /* icon-72.png */ = {isa = PBXFileReference; lastKnownFileType = image.png; name = "icon-72.png"; path = "Resources/icons/icon-72.png"; sourceTree = "<group>"; };
		84834FFE141E3D070044E037 /* Default.png */ = {isa = PBXFileReference; lastKnownFileType = image.png; name = Default.png; path = Resources/splash/Default.png; sourceTree = "<group>"; };
		84835000141E3D070044E037 /* Default@2x.png */ = {isa = PBXFileReference; lastKnownFileType = image.png; name = "Default@2x.png"; path = "Resources/splash/Default@2x.png"; sourceTree = "<group>"; };
		84835002141E3D070044E037 /* Capture.bundle */ = {isa = PBXFileReference; lastKnownFileType = "wrapper.plug-in"; name = Capture.bundle; path = Resources/Capture.bundle; sourceTree = "<group>"; };
		84835004141E3D070044E037 /* PhoneGap.plist */ = {isa = PBXFileReference; lastKnownFileType = text.plist.xml; path = PhoneGap.plist; sourceTree = "<group>"; };
		84835007141E3D070044E037 /* AppDelegate.h */ = {isa = PBXFileReference; name = AppDelegate.h; path = Classes/AppDelegate.h; sourceTree = "<group>"; };
		84835008141E3D070044E037 /* AppDelegate.m */ = {isa = PBXFileReference; lastKnownFileType = sourcecode.c.objc; name = AppDelegate.m; path = Classes/AppDelegate.m; sourceTree = "<group>"; };
		8483500B141E3D070044E037 /* README */ = {isa = PBXFileReference; name = README; path = Plugins/README; sourceTree = "<group>"; };
/* End PBXFileReference section */

/* Begin PBXFrameworksBuildPhase section */
		84834FBE141E3D060044E037 /* Frameworks */ = {
			isa = PBXFrameworksBuildPhase;
			buildActionMask = 2147483647;
			files = (
				84834FC9141E3D070044E037 /* Foundation.framework in Frameworks */,
				84834FCB141E3D070044E037 /* UIKit.framework in Frameworks */,
				84834FCD141E3D070044E037 /* CoreGraphics.framework in Frameworks */,
				84834FCF141E3D070044E037 /* AddressBook.framework in Frameworks */,
				84834FD1141E3D070044E037 /* AddressBookUI.framework in Frameworks */,
				84834FD3141E3D070044E037 /* AudioToolbox.framework in Frameworks */,
				84834FD5141E3D070044E037 /* AVFoundation.framework in Frameworks */,
				84834FD7141E3D070044E037 /* CoreLocation.framework in Frameworks */,
				84834FD9141E3D070044E037 /* MediaPlayer.framework in Frameworks */,
				84834FDB141E3D070044E037 /* QuartzCore.framework in Frameworks */,
				84834FDD141E3D070044E037 /* SystemConfiguration.framework in Frameworks */,
				84834FDF141E3D070044E037 /* MobileCoreServices.framework in Frameworks */,
				84834FE1141E3D070044E037 /* CoreMedia.framework in Frameworks */,
				84834FEC141E3D070044E037 /* PhoneGap.framework in Frameworks */,
			);
			runOnlyForDeploymentPostprocessing = 0;
		};
		84834FC1141E3D060044E037 /* Frameworks */ = {
			isa = PBXFrameworksBuildPhase;
			buildActionMask = 2147483647;
			files = (
			);
			runOnlyForDeploymentPostprocessing = 0;
		};
/* End PBXFrameworksBuildPhase section */

/* Begin PBXGroup section */
		84834FB6141E3D060044E037 = {
			isa = PBXGroup;
			children = (
				84834FE2141E3D070044E037 /* DECAF */,
				84834FC7141E3D060044E037 /* Frameworks */,
				84834FC5141E3D060044E037 /* Products */,
			);
			sourceTree = "<group>";
		};
		84834FC5141E3D060044E037 /* Products */ = {
			isa = PBXGroup;
			children = (
				84834FC4141E3D060044E037 /* DECAF.app */,
			);
			name = Products;
			sourceTree = "<group>";
		};
		84834FC7141E3D060044E037 /* Frameworks */ = {
			isa = PBXGroup;
			children = (
				84834FC8141E3D070044E037 /* Foundation.framework */,
				84834FCA141E3D070044E037 /* UIKit.framework */,
				84834FCC141E3D070044E037 /* CoreGraphics.framework */,
				84834FCE141E3D070044E037 /* AddressBook.framework */,
				84834FD0141E3D070044E037 /* AddressBookUI.framework */,
				84834FD2141E3D070044E037 /* AudioToolbox.framework */,
				84834FD4141E3D070044E037 /* AVFoundation.framework */,
				84834FD6141E3D070044E037 /* CoreLocation.framework */,
				84834FD8141E3D070044E037 /* MediaPlayer.framework */,
				84834FDA141E3D070044E037 /* QuartzCore.framework */,
				84834FDC141E3D070044E037 /* SystemConfiguration.framework */,
				84834FDE141E3D070044E037 /* MobileCoreServices.framework */,
				84834FE0141E3D070044E037 /* CoreMedia.framework */,
			);
			name = Frameworks;
			sourceTree = "<group>";
		};
		84834FE2141E3D070044E037 /* DECAF */ = {
			isa = PBXGroup;
			children = (
				84834FEB141E3D070044E037 /* PhoneGap.framework */,
				84834FED141E3D070044E037 /* Resources */,
				84835006141E3D070044E037 /* Classes */,
				8483500A141E3D070044E037 /* Plugins */,
				84834FE3141E3D070044E037 /* Supporting Files */,
			);
			path = DECAF;
			sourceTree = "<group>";
		};
		84834FE3141E3D070044E037 /* Supporting Files */ = {
			isa = PBXGroup;
			children = (
				84834FE4141E3D070044E037 /* DECAF-Info.plist */,
				84834FE5141E3D070044E037 /* InfoPlist.strings */,
				84834FE8141E3D070044E037 /* main.m */,
				84834FEA141E3D070044E037 /* DECAF-Prefix.pch */,
				84835004141E3D070044E037 /* PhoneGap.plist */,
			);
			name = "Supporting Files";
			sourceTree = "<group>";
		};
		84834FED141E3D070044E037 /* Resources */ = {
			isa = PBXGroup;
			children = (
				84835002141E3D070044E037 /* Capture.bundle */,
				84834FEE141E3D070044E037 /* en.lproj */,
				84834FF2141E3D070044E037 /* es.lproj */,
				84834FF6141E3D070044E037 /* icons */,
				84834FFD141E3D070044E037 /* splash */,
			);
			name = Resources;
			sourceTree = "<group>";
		};
		84834FEE141E3D070044E037 /* en.lproj */ = {
			isa = PBXGroup;
			children = (
				84834FEF141E3D070044E037 /* Localizable.strings */,
			);
			name = en.lproj;
			sourceTree = "<group>";
		};
		84834FF2141E3D070044E037 /* es.lproj */ = {
			isa = PBXGroup;
			children = (
				84834FF3141E3D070044E037 /* Localizable.strings */,
			);
			name = es.lproj;
			sourceTree = "<group>";
		};
		84834FF6141E3D070044E037 /* icons */ = {
			isa = PBXGroup;
			children = (
				84834FF7141E3D070044E037 /* icon.png */,
				84834FF9141E3D070044E037 /* icon@2x.png */,
				84834FFB141E3D070044E037 /* icon-72.png */,
			);
			name = icons;
			sourceTree = "<group>";
		};
		84834FFD141E3D070044E037 /* splash */ = {
			isa = PBXGroup;
			children = (
				84834FFE141E3D070044E037 /* Default.png */,
				84835000141E3D070044E037 /* Default@2x.png */,
			);
			name = splash;
			sourceTree = "<group>";
		};
		84835006141E3D070044E037 /* Classes */ = {
			isa = PBXGroup;
			children = (
				84835007141E3D070044E037 /* AppDelegate.h */,
				84835008141E3D070044E037 /* AppDelegate.m */,
			);
			name = Classes;
			sourceTree = "<group>";
		};
		8483500A141E3D070044E037 /* Plugins */ = {
			isa = PBXGroup;
			children = (
				8483500B141E3D070044E037 /* README */,
			);
			name = Plugins;
			sourceTree = "<group>";
		};
/* End PBXGroup section */

/* Begin PBXNativeTarget section */
		84834FC3141E3D060044E037 /* DECAF */ = {
			isa = PBXNativeTarget;
			buildConfigurationList = 8483500E141E3D070044E037 /* Build configuration list for PBXNativeTarget "DECAF" */;
			buildPhases = (
				84834FBD141E3D060044E037 /* Sources */,
				84834FBE141E3D060044E037 /* Frameworks */,
				84834FBF141E3D060044E037 /* Resources */,
				84834FC0141E3D060044E037 /* Sources */,
				84834FC1141E3D060044E037 /* Frameworks */,
				84834FC2141E3D060044E037 /* ShellScript */,
			);
			buildRules = (
			);
			dependencies = (
			);
			name = DECAF;
			productName = DECAF;
			productReference = 84834FC4141E3D060044E037 /* DECAF.app */;
			productType = "com.apple.product-type.application";
		};
/* End PBXNativeTarget section */

/* Begin PBXProject section */
		84834FB8141E3D060044E037 /* Project object */ = {
			isa = PBXProject;
			buildConfigurationList = 84834FBB141E3D060044E037 /* Build configuration list for PBXProject "DECAF" */;
			compatibilityVersion = "Xcode 3.2";
			developmentRegion = English;
			hasScannedForEncodings = 0;
			knownRegions = (
				en,
				es,
			);
			mainGroup = 84834FB6141E3D060044E037;
			productRefGroup = 84834FC5141E3D060044E037 /* Products */;
			projectDirPath = "";
			projectRoot = "";
			targets = (
				84834FC3141E3D060044E037 /* DECAF */,
			);
		};
/* End PBXProject section */

/* Begin PBXResourcesBuildPhase section */
		84834FBF141E3D060044E037 /* Resources */ = {
			isa = PBXResourcesBuildPhase;
			buildActionMask = 2147483647;
			files = (
				84834FE7141E3D070044E037 /* InfoPlist.strings in Resources */,
				84834FF1141E3D070044E037 /* Localizable.strings in Resources */,
				84834FF5141E3D070044E037 /* Localizable.strings in Resources */,
				84834FF8141E3D070044E037 /* icon.png in Resources */,
				84834FFA141E3D070044E037 /* icon@2x.png in Resources */,
				84834FFC141E3D070044E037 /* icon-72.png in Resources */,
				84834FFF141E3D070044E037 /* Default.png in Resources */,
				84835001141E3D070044E037 /* Default@2x.png in Resources */,
				84835003141E3D070044E037 /* Capture.bundle in Resources */,
				84835005141E3D070044E037 /* PhoneGap.plist in Resources */,
			);
			runOnlyForDeploymentPostprocessing = 0;
		};
/* End PBXResourcesBuildPhase section */

/* Begin PBXShellScriptBuildPhase section */
		84834FC2141E3D060044E037 /* ShellScript */ = {
			isa = PBXShellScriptBuildPhase;
			buildActionMask = 2147483647;
			files = (
			);
			inputPaths = (
			);
			outputPaths = (
			);
			runOnlyForDeploymentPostprocessing = 0;
			shellPath = /bin/bash;
			shellScript = "\n\t\t\t\t\t\t\t\tif [ ! -d \"$PROJECT_DIR/www\" ] ; then\n\t\t\t\t\t\t\t\t\tcp -R /Users/Shared/PhoneGap/Frameworks/PhoneGap.framework/www \"$PROJECT_DIR\"\n\t\t\t\t\t\t\t\tfi\n\t\t\t\t\t\t\t\t# detect www folder reference in project, if missing, print warning\n\t\t\t\t\t\t\t\tgrep \"{isa = PBXFileReference; lastKnownFileType = folder; path = www; sourceTree = \\\"<group>\\\"; };\" \"$PROJECT_DIR/$PROJECT_NAME.xcodeproj/project.pbxproj\"\n\t\t\t\t\t\t\t\trc=$? \n\t\t\t\t\t\t\t\tif [ $rc != 0 ] ; then\n\t\t\t\t\t\t\t\techo -e \"warning: Missing - Add $PROJECT_DIR/www as a folder reference in your project. Just drag and drop the folder into your project, in Xcode 4.\" 1>&2\n\t\t\t\t\t\t\t\tfi\t\t\t\t\t\t\t";
		};
/* End PBXShellScriptBuildPhase section */

/* Begin PBXSourcesBuildPhase section */
		84834FBD141E3D060044E037 /* Sources */ = {
			isa = PBXSourcesBuildPhase;
			buildActionMask = 2147483647;
			files = (
				84834FE9141E3D070044E037 /* main.m in Sources */,
				84835009141E3D070044E037 /* AppDelegate.m in Sources */,
			);
			runOnlyForDeploymentPostprocessing = 0;
		};
		84834FC0141E3D060044E037 /* Sources */ = {
			isa = PBXSourcesBuildPhase;
			buildActionMask = 2147483647;
			files = (
			);
			runOnlyForDeploymentPostprocessing = 0;
		};
/* End PBXSourcesBuildPhase section */

/* Begin PBXVariantGroup section */
		84834FE5141E3D070044E037 /* InfoPlist.strings */ = {
			isa = PBXVariantGroup;
			children = (
				84834FE6141E3D070044E037 /* en */,
			);
			name = InfoPlist.strings;
			sourceTree = "<group>";
		};
		84834FEF141E3D070044E037 /* Localizable.strings */ = {
			isa = PBXVariantGroup;
			children = (
				84834FF0141E3D070044E037 /* en */,
			);
			name = Localizable.strings;
			sourceTree = "<group>";
		};
		84834FF3141E3D070044E037 /* Localizable.strings */ = {
			isa = PBXVariantGroup;
			children = (
				84834FF4141E3D070044E037 /* es */,
			);
			name = Localizable.strings;
			sourceTree = "<group>";
		};
/* End PBXVariantGroup section */

/* Begin XCBuildConfiguration section */
		8483500C141E3D070044E037 /* Debug */ = {
			isa = XCBuildConfiguration;
			buildSettings = {
				ALWAYS_SEARCH_USER_PATHS = NO;
				ARCHS = "$(ARCHS_STANDARD_32_BIT)";
				"CODE_SIGN_IDENTITY[sdk=iphoneos*]" = "iPhone Developer";
				COPY_PHASE_STRIP = NO;
				GCC_C_LANGUAGE_STANDARD = gnu99;
				GCC_DYNAMIC_NO_PIC = NO;
				GCC_OPTIMIZATION_LEVEL = 0;
				GCC_PREPROCESSOR_DEFINITIONS = (
					"DEBUG=1",
					"$(inherited)",
				);
				GCC_SYMBOLS_PRIVATE_EXTERN = NO;
				GCC_VERSION = com.apple.compilers.llvmgcc42;
				GCC_WARN_ABOUT_MISSING_PROTOTYPES = YES;
				GCC_WARN_ABOUT_RETURN_TYPE = YES;
				GCC_WARN_UNUSED_VARIABLE = YES;
				IPHONEOS_DEPLOYMENT_TARGET = 3.1;
				SDKROOT = iphoneos;
			};
			name = Debug;
		};
		8483500D141E3D070044E037 /* Release */ = {
			isa = XCBuildConfiguration;
			buildSettings = {
				ALWAYS_SEARCH_USER_PATHS = NO;
				ARCHS = "$(ARCHS_STANDARD_32_BIT)";
				"CODE_SIGN_IDENTITY[sdk=iphoneos*]" = "iPhone Developer";
				COPY_PHASE_STRIP = YES;
				GCC_C_LANGUAGE_STANDARD = gnu99;
				GCC_VERSION = com.apple.compilers.llvmgcc42;
				GCC_WARN_ABOUT_MISSING_PROTOTYPES = YES;
				GCC_WARN_ABOUT_RETURN_TYPE = YES;
				GCC_WARN_UNUSED_VARIABLE = YES;
				IPHONEOS_DEPLOYMENT_TARGET = 3.1;
				SDKROOT = iphoneos;
				VALIDATE_PRODUCT = YES;
			};
			name = Release;
		};
		8483500F141E3D070044E037 /* Debug */ = {
			isa = XCBuildConfiguration;
			buildSettings = {
				ALWAYS_SEARCH_USER_PATHS = YES;
				COPY_PHASE_STRIP = NO;
				FRAMEWORK_SEARCH_PATHS = /Users/Shared/PhoneGap/Frameworks;
				GCC_DYNAMIC_NO_PIC = NO;
				GCC_PRECOMPILE_PREFIX_HEADER = YES;
				GCC_PREFIX_HEADER = "DECAF/DECAF-Prefix.pch";
				GCC_PREPROCESSOR_DEFINITIONS = "PHONEGAP_FRAMEWORK=YES";
				INFOPLIST_FILE = "DECAF/DECAF-Info.plist";
				PRODUCT_NAME = "$(TARGET_NAME)";
				WRAPPER_EXTENSION = app;
			};
			name = Debug;
		};
		84835010141E3D070044E037 /* Release */ = {
			isa = XCBuildConfiguration;
			buildSettings = {
				ALWAYS_SEARCH_USER_PATHS = YES;
				COPY_PHASE_STRIP = YES;
				DEBUG_INFORMATION_FORMAT = "dwarf-with-dsym";
				FRAMEWORK_SEARCH_PATHS = /Users/Shared/PhoneGap/Frameworks;
				GCC_PRECOMPILE_PREFIX_HEADER = YES;
				GCC_PREFIX_HEADER = "DECAF/DECAF-Prefix.pch";
				GCC_PREPROCESSOR_DEFINITIONS = "PHONEGAP_FRAMEWORK=YES";
				INFOPLIST_FILE = "DECAF/DECAF-Info.plist";
				PRODUCT_NAME = "$(TARGET_NAME)";
				VALIDATE_PRODUCT = YES;
				WRAPPER_EXTENSION = app;
			};
			name = Release;
		};
/* End XCBuildConfiguration section */

/* Begin XCConfigurationList section */
		84834FBB141E3D060044E037 /* Build configuration list for PBXProject "DECAF" */ = {
			isa = XCConfigurationList;
			buildConfigurations = (
				8483500C141E3D070044E037 /* Debug */,
				8483500D141E3D070044E037 /* Release */,
			);
			defaultConfigurationIsVisible = 0;
			defaultConfigurationName = Release;
		};
		8483500E141E3D070044E037 /* Build configuration list for PBXNativeTarget "DECAF" */ = {
			isa = XCConfigurationList;
			buildConfigurations = (
				8483500F141E3D070044E037 /* Debug */,
				84835010141E3D070044E037 /* Release */,
			);
			defaultConfigurationIsVisible = 0;
		};
/* End XCConfigurationList section */
	};
	rootObject = 84834FB8141E3D060044E037 /* Project object */;
}
